// !$*UTF8*$!
{
	archiveVersion = 1;
	classes = {
	};
	objectVersion = 55;
	objects = {

/* Begin PBXBuildFile section */
		8823A53928736A55009187A2 /* Int+Extension.swift in Sources */ = {isa = PBXBuildFile; fileRef = 8823A53828736A55009187A2 /* Int+Extension.swift */; };
		88493E62286E1AAE0051161D /* UIColor+Extension.swift in Sources */ = {isa = PBXBuildFile; fileRef = 88493E61286E1AAE0051161D /* UIColor+Extension.swift */; };
		88493E65286E1CF90051161D /* UIStackView+Extension.swift in Sources */ = {isa = PBXBuildFile; fileRef = 88493E64286E1CF90051161D /* UIStackView+Extension.swift */; };
		88493E69286E1E360051161D /* RightView.swift in Sources */ = {isa = PBXBuildFile; fileRef = 88493E68286E1E360051161D /* RightView.swift */; };
		88493E6C286E23060051161D /* Roboto-Black.ttf in Resources */ = {isa = PBXBuildFile; fileRef = 88493E6B286E23060051161D /* Roboto-Black.ttf */; };
		88493E6E286E231D0051161D /* Roboto-Bold.ttf in Resources */ = {isa = PBXBuildFile; fileRef = 88493E6D286E231D0051161D /* Roboto-Bold.ttf */; };
		88493E70286E232C0051161D /* Roboto-Medium.ttf in Resources */ = {isa = PBXBuildFile; fileRef = 88493E6F286E232C0051161D /* Roboto-Medium.ttf */; };
		88493E72286E233A0051161D /* Roboto-Regular.ttf in Resources */ = {isa = PBXBuildFile; fileRef = 88493E71286E233A0051161D /* Roboto-Regular.ttf */; };
		88B35F71286CC8940062F9E0 /* AppDelegate.swift in Sources */ = {isa = PBXBuildFile; fileRef = 88B35F70286CC8940062F9E0 /* AppDelegate.swift */; };
		88B35F73286CC8940062F9E0 /* SceneDelegate.swift in Sources */ = {isa = PBXBuildFile; fileRef = 88B35F72286CC8940062F9E0 /* SceneDelegate.swift */; };
		88B35F75286CC8940062F9E0 /* ViewController.swift in Sources */ = {isa = PBXBuildFile; fileRef = 88B35F74286CC8940062F9E0 /* ViewController.swift */; };
		88B35F7A286CC8970062F9E0 /* Assets.xcassets in Resources */ = {isa = PBXBuildFile; fileRef = 88B35F79286CC8970062F9E0 /* Assets.xcassets */; };
		88B35F7D286CC8970062F9E0 /* LaunchScreen.storyboard in Resources */ = {isa = PBXBuildFile; fileRef = 88B35F7B286CC8970062F9E0 /* LaunchScreen.storyboard */; };
		88B35F85286CD3C10062F9E0 /* LeftView.swift in Sources */ = {isa = PBXBuildFile; fileRef = 88B35F84286CD3C10062F9E0 /* LeftView.swift */; };
		88B4E17C28702C4E0009731E /* UILabel+Extension.swift in Sources */ = {isa = PBXBuildFile; fileRef = 88B4E17B28702C4D0009731E /* UILabel+Extension.swift */; };
		88B4E17E287037E10009731E /* UIButton+Extension.swift in Sources */ = {isa = PBXBuildFile; fileRef = 88B4E17D287037E10009731E /* UIButton+Extension.swift */; };
		88B7254328720CA300CFF0FA /* CustomAlert.swift in Sources */ = {isa = PBXBuildFile; fileRef = 88B7254228720CA300CFF0FA /* CustomAlert.swift */; };
		88FD2AD2286F826300CF3181 /* TimerView.swift in Sources */ = {isa = PBXBuildFile; fileRef = 88FD2AD1286F826300CF3181 /* TimerView.swift */; };
/* End PBXBuildFile section */

/* Begin PBXFileReference section */
		8823A53828736A55009187A2 /* Int+Extension.swift */ = {isa = PBXFileReference; lastKnownFileType = sourcecode.swift; path = "Int+Extension.swift"; sourceTree = "<group>"; };
		88493E61286E1AAE0051161D /* UIColor+Extension.swift */ = {isa = PBXFileReference; lastKnownFileType = sourcecode.swift; path = "UIColor+Extension.swift"; sourceTree = "<group>"; };
		88493E64286E1CF90051161D /* UIStackView+Extension.swift */ = {isa = PBXFileReference; lastKnownFileType = sourcecode.swift; path = "UIStackView+Extension.swift"; sourceTree = "<group>"; };
		88493E68286E1E360051161D /* RightView.swift */ = {isa = PBXFileReference; lastKnownFileType = sourcecode.swift; path = RightView.swift; sourceTree = "<group>"; };
		88493E6B286E23060051161D /* Roboto-Black.ttf */ = {isa = PBXFileReference; lastKnownFileType = file; path = "Roboto-Black.ttf"; sourceTree = "<group>"; };
		88493E6D286E231D0051161D /* Roboto-Bold.ttf */ = {isa = PBXFileReference; lastKnownFileType = file; path = "Roboto-Bold.ttf"; sourceTree = "<group>"; };
		88493E6F286E232C0051161D /* Roboto-Medium.ttf */ = {isa = PBXFileReference; lastKnownFileType = file; path = "Roboto-Medium.ttf"; sourceTree = "<group>"; };
		88493E71286E233A0051161D /* Roboto-Regular.ttf */ = {isa = PBXFileReference; lastKnownFileType = file; path = "Roboto-Regular.ttf"; sourceTree = "<group>"; };
		88B35F6D286CC8940062F9E0 /* MusicOffer.app */ = {isa = PBXFileReference; explicitFileType = wrapper.application; includeInIndex = 0; path = MusicOffer.app; sourceTree = BUILT_PRODUCTS_DIR; };
		88B35F70286CC8940062F9E0 /* AppDelegate.swift */ = {isa = PBXFileReference; lastKnownFileType = sourcecode.swift; path = AppDelegate.swift; sourceTree = "<group>"; };
		88B35F72286CC8940062F9E0 /* SceneDelegate.swift */ = {isa = PBXFileReference; lastKnownFileType = sourcecode.swift; path = SceneDelegate.swift; sourceTree = "<group>"; };
		88B35F74286CC8940062F9E0 /* ViewController.swift */ = {isa = PBXFileReference; lastKnownFileType = sourcecode.swift; path = ViewController.swift; sourceTree = "<group>"; };
		88B35F79286CC8970062F9E0 /* Assets.xcassets */ = {isa = PBXFileReference; lastKnownFileType = folder.assetcatalog; path = Assets.xcassets; sourceTree = "<group>"; };
		88B35F7C286CC8970062F9E0 /* Base */ = {isa = PBXFileReference; lastKnownFileType = file.storyboard; name = Base; path = Base.lproj/LaunchScreen.storyboard; sourceTree = "<group>"; };
		88B35F7E286CC8970062F9E0 /* Info.plist */ = {isa = PBXFileReference; lastKnownFileType = text.plist.xml; path = Info.plist; sourceTree = "<group>"; };
		88B35F84286CD3C10062F9E0 /* LeftView.swift */ = {isa = PBXFileReference; lastKnownFileType = sourcecode.swift; path = LeftView.swift; sourceTree = "<group>"; };
		88B4E17B28702C4D0009731E /* UILabel+Extension.swift */ = {isa = PBXFileReference; lastKnownFileType = sourcecode.swift; path = "UILabel+Extension.swift"; sourceTree = "<group>"; };
		88B4E17D287037E10009731E /* UIButton+Extension.swift */ = {isa = PBXFileReference; lastKnownFileType = sourcecode.swift; path = "UIButton+Extension.swift"; sourceTree = "<group>"; };
		88B7254228720CA300CFF0FA /* CustomAlert.swift */ = {isa = PBXFileReference; lastKnownFileType = sourcecode.swift; path = CustomAlert.swift; sourceTree = "<group>"; };
		88FD2AD1286F826300CF3181 /* TimerView.swift */ = {isa = PBXFileReference; lastKnownFileType = sourcecode.swift; path = TimerView.swift; sourceTree = "<group>"; };
/* End PBXFileReference section */

/* Begin PBXFrameworksBuildPhase section */
		88B35F6A286CC8940062F9E0 /* Frameworks */ = {
			isa = PBXFrameworksBuildPhase;
			buildActionMask = 2147483647;
			files = (
			);
			runOnlyForDeploymentPostprocessing = 0;
		};
/* End PBXFrameworksBuildPhase section */

/* Begin PBXGroup section */
		88493E63286E1AB70051161D /* Extensions */ = {
			isa = PBXGroup;
			children = (
				88493E61286E1AAE0051161D /* UIColor+Extension.swift */,
				88493E64286E1CF90051161D /* UIStackView+Extension.swift */,
				88B4E17B28702C4D0009731E /* UILabel+Extension.swift */,
				88B4E17D287037E10009731E /* UIButton+Extension.swift */,
				8823A53828736A55009187A2 /* Int+Extension.swift */,
			);
			path = Extensions;
			sourceTree = "<group>";
		};
		88493E6A286E22CA0051161D /* Fonts */ = {
			isa = PBXGroup;
			children = (
				88493E6B286E23060051161D /* Roboto-Black.ttf */,
				88493E71286E233A0051161D /* Roboto-Regular.ttf */,
				88493E6F286E232C0051161D /* Roboto-Medium.ttf */,
				88493E6D286E231D0051161D /* Roboto-Bold.ttf */,
			);
			path = Fonts;
			sourceTree = "<group>";
		};
		88B35F64286CC8940062F9E0 = {
			isa = PBXGroup;
			children = (
				88B35F6F286CC8940062F9E0 /* MusicOffer */,
				88B35F6E286CC8940062F9E0 /* Products */,
			);
			sourceTree = "<group>";
		};
		88B35F6E286CC8940062F9E0 /* Products */ = {
			isa = PBXGroup;
			children = (
				88B35F6D286CC8940062F9E0 /* MusicOffer.app */,
			);
			name = Products;
			sourceTree = "<group>";
		};
		88B35F6F286CC8940062F9E0 /* MusicOffer */ = {
			isa = PBXGroup;
			children = (
				88B35F70286CC8940062F9E0 /* AppDelegate.swift */,
				88B35F72286CC8940062F9E0 /* SceneDelegate.swift */,
				88B35F74286CC8940062F9E0 /* ViewController.swift */,
				88B35F86286CD3CB0062F9E0 /* Views */,
				88493E63286E1AB70051161D /* Extensions */,
				88493E6A286E22CA0051161D /* Fonts */,
				88B35F79286CC8970062F9E0 /* Assets.xcassets */,
				88B35F7B286CC8970062F9E0 /* LaunchScreen.storyboard */,
				88B35F7E286CC8970062F9E0 /* Info.plist */,
			);
			path = MusicOffer;
			sourceTree = "<group>";
		};
		88B35F86286CD3CB0062F9E0 /* Views */ = {
			isa = PBXGroup;
			children = (
				88B35F84286CD3C10062F9E0 /* LeftView.swift */,
				88493E68286E1E360051161D /* RightView.swift */,
				88FD2AD1286F826300CF3181 /* TimerView.swift */,
				88B7254228720CA300CFF0FA /* CustomAlert.swift */,
			);
			path = Views;
			sourceTree = "<group>";
		};
/* End PBXGroup section */

/* Begin PBXNativeTarget section */
		88B35F6C286CC8940062F9E0 /* MusicOffer */ = {
			isa = PBXNativeTarget;
			buildConfigurationList = 88B35F81286CC8970062F9E0 /* Build configuration list for PBXNativeTarget "MusicOffer" */;
			buildPhases = (
				88B35F69286CC8940062F9E0 /* Sources */,
				88B35F6A286CC8940062F9E0 /* Frameworks */,
				88B35F6B286CC8940062F9E0 /* Resources */,
			);
			buildRules = (
			);
			dependencies = (
			);
			name = MusicOffer;
			productName = MusicOffer;
			productReference = 88B35F6D286CC8940062F9E0 /* MusicOffer.app */;
			productType = "com.apple.product-type.application";
		};
/* End PBXNativeTarget section */

/* Begin PBXProject section */
		88B35F65286CC8940062F9E0 /* Project object */ = {
			isa = PBXProject;
			attributes = {
				BuildIndependentTargetsInParallel = 1;
				LastSwiftUpdateCheck = 1340;
				LastUpgradeCheck = 1340;
				TargetAttributes = {
					88B35F6C286CC8940062F9E0 = {
						CreatedOnToolsVersion = 13.4.1;
					};
				};
			};
			buildConfigurationList = 88B35F68286CC8940062F9E0 /* Build configuration list for PBXProject "MusicOffer" */;
			compatibilityVersion = "Xcode 13.0";
			developmentRegion = en;
			hasScannedForEncodings = 0;
			knownRegions = (
				en,
				Base,
			);
			mainGroup = 88B35F64286CC8940062F9E0;
			productRefGroup = 88B35F6E286CC8940062F9E0 /* Products */;
			projectDirPath = "";
			projectRoot = "";
			targets = (
				88B35F6C286CC8940062F9E0 /* MusicOffer */,
			);
		};
/* End PBXProject section */

/* Begin PBXResourcesBuildPhase section */
		88B35F6B286CC8940062F9E0 /* Resources */ = {
			isa = PBXResourcesBuildPhase;
			buildActionMask = 2147483647;
			files = (
				88493E72286E233A0051161D /* Roboto-Regular.ttf in Resources */,
				88493E70286E232C0051161D /* Roboto-Medium.ttf in Resources */,
				88B35F7D286CC8970062F9E0 /* LaunchScreen.storyboard in Resources */,
				88B35F7A286CC8970062F9E0 /* Assets.xcassets in Resources */,
				88493E6E286E231D0051161D /* Roboto-Bold.ttf in Resources */,
				88493E6C286E23060051161D /* Roboto-Black.ttf in Resources */,
			);
			runOnlyForDeploymentPostprocessing = 0;
		};
/* End PBXResourcesBuildPhase section */

/* Begin PBXSourcesBuildPhase section */
		88B35F69286CC8940062F9E0 /* Sources */ = {
			isa = PBXSourcesBuildPhase;
			buildActionMask = 2147483647;
			files = (
				88FD2AD2286F826300CF3181 /* TimerView.swift in Sources */,
				88493E69286E1E360051161D /* RightView.swift in Sources */,
				88B7254328720CA300CFF0FA /* CustomAlert.swift in Sources */,
				88B4E17C28702C4E0009731E /* UILabel+Extension.swift in Sources */,
				88B4E17E287037E10009731E /* UIButton+Extension.swift in Sources */,
				88B35F75286CC8940062F9E0 /* ViewController.swift in Sources */,
				88B35F71286CC8940062F9E0 /* AppDelegate.swift in Sources */,
				8823A53928736A55009187A2 /* Int+Extension.swift in Sources */,
				88B35F73286CC8940062F9E0 /* SceneDelegate.swift in Sources */,
				88B35F85286CD3C10062F9E0 /* LeftView.swift in Sources */,
				88493E62286E1AAE0051161D /* UIColor+Extension.swift in Sources */,
				88493E65286E1CF90051161D /* UIStackView+Extension.swift in Sources */,
			);
			runOnlyForDeploymentPostprocessing = 0;
		};
/* End PBXSourcesBuildPhase section */

/* Begin PBXVariantGroup section */
		88B35F7B286CC8970062F9E0 /* LaunchScreen.storyboard */ = {
			isa = PBXVariantGroup;
			children = (
				88B35F7C286CC8970062F9E0 /* Base */,
			);
			name = LaunchScreen.storyboard;
			sourceTree = "<group>";
		};
/* End PBXVariantGroup section */

/* Begin XCBuildConfiguration section */
		88B35F7F286CC8970062F9E0 /* Debug */ = {
			isa = XCBuildConfiguration;
			buildSettings = {
				ALWAYS_SEARCH_USER_PATHS = NO;
				CLANG_ANALYZER_NONNULL = YES;
				CLANG_ANALYZER_NUMBER_OBJECT_CONVERSION = YES_AGGRESSIVE;
				CLANG_CXX_LANGUAGE_STANDARD = "gnu++17";
				CLANG_ENABLE_MODULES = YES;
				CLANG_ENABLE_OBJC_ARC = YES;
				CLANG_ENABLE_OBJC_WEAK = YES;
				CLANG_WARN_BLOCK_CAPTURE_AUTORELEASING = YES;
				CLANG_WARN_BOOL_CONVERSION = YES;
				CLANG_WARN_COMMA = YES;
				CLANG_WARN_CONSTANT_CONVERSION = YES;
				CLANG_WARN_DEPRECATED_OBJC_IMPLEMENTATIONS = YES;
				CLANG_WARN_DIRECT_OBJC_ISA_USAGE = YES_ERROR;
				CLANG_WARN_DOCUMENTATION_COMMENTS = YES;
				CLANG_WARN_EMPTY_BODY = YES;
				CLANG_WARN_ENUM_CONVERSION = YES;
				CLANG_WARN_INFINITE_RECURSION = YES;
				CLANG_WARN_INT_CONVERSION = YES;
				CLANG_WARN_NON_LITERAL_NULL_CONVERSION = YES;
				CLANG_WARN_OBJC_IMPLICIT_RETAIN_SELF = YES;
				CLANG_WARN_OBJC_LITERAL_CONVERSION = YES;
				CLANG_WARN_OBJC_ROOT_CLASS = YES_ERROR;
				CLANG_WARN_QUOTED_INCLUDE_IN_FRAMEWORK_HEADER = YES;
				CLANG_WARN_RANGE_LOOP_ANALYSIS = YES;
				CLANG_WARN_STRICT_PROTOTYPES = YES;
				CLANG_WARN_SUSPICIOUS_MOVE = YES;
				CLANG_WARN_UNGUARDED_AVAILABILITY = YES_AGGRESSIVE;
				CLANG_WARN_UNREACHABLE_CODE = YES;
				CLANG_WARN__DUPLICATE_METHOD_MATCH = YES;
				COPY_PHASE_STRIP = NO;
				DEBUG_INFORMATION_FORMAT = dwarf;
				ENABLE_STRICT_OBJC_MSGSEND = YES;
				ENABLE_TESTABILITY = YES;
				GCC_C_LANGUAGE_STANDARD = gnu11;
				GCC_DYNAMIC_NO_PIC = NO;
				GCC_NO_COMMON_BLOCKS = YES;
				GCC_OPTIMIZATION_LEVEL = 0;
				GCC_PREPROCESSOR_DEFINITIONS = (
					"DEBUG=1",
					"$(inherited)",
				);
				GCC_WARN_64_TO_32_BIT_CONVERSION = YES;
				GCC_WARN_ABOUT_RETURN_TYPE = YES_ERROR;
				GCC_WARN_UNDECLARED_SELECTOR = YES;
				GCC_WARN_UNINITIALIZED_AUTOS = YES_AGGRESSIVE;
				GCC_WARN_UNUSED_FUNCTION = YES;
				GCC_WARN_UNUSED_VARIABLE = YES;
				IPHONEOS_DEPLOYMENT_TARGET = 15.5;
				MTL_ENABLE_DEBUG_INFO = INCLUDE_SOURCE;
				MTL_FAST_MATH = YES;
				ONLY_ACTIVE_ARCH = YES;
				SDKROOT = iphoneos;
				SWIFT_ACTIVE_COMPILATION_CONDITIONS = DEBUG;
				SWIFT_OPTIMIZATION_LEVEL = "-Onone";
			};
			name = Debug;
		};
		88B35F80286CC8970062F9E0 /* Release */ = {
			isa = XCBuildConfiguration;
			buildSettings = {
				ALWAYS_SEARCH_USER_PATHS = NO;
				CLANG_ANALYZER_NONNULL = YES;
				CLANG_ANALYZER_NUMBER_OBJECT_CONVERSION = YES_AGGRESSIVE;
				CLANG_CXX_LANGUAGE_STANDARD = "gnu++17";
				CLANG_ENABLE_MODULES = YES;
				CLANG_ENABLE_OBJC_ARC = YES;
				CLANG_ENABLE_OBJC_WEAK = YES;
				CLANG_WARN_BLOCK_CAPTURE_AUTORELEASING = YES;
				CLANG_WARN_BOOL_CONVERSION = YES;
				CLANG_WARN_COMMA = YES;
				CLANG_WARN_CONSTANT_CONVERSION = YES;
				CLANG_WARN_DEPRECATED_OBJC_IMPLEMENTATIONS = YES;
				CLANG_WARN_DIRECT_OBJC_ISA_USAGE = YES_ERROR;
				CLANG_WARN_DOCUMENTATION_COMMENTS = YES;
				CLANG_WARN_EMPTY_BODY = YES;
				CLANG_WARN_ENUM_CONVERSION = YES;
				CLANG_WARN_INFINITE_RECURSION = YES;
				CLANG_WARN_INT_CONVERSION = YES;
				CLANG_WARN_NON_LITERAL_NULL_CONVERSION = YES;
				CLANG_WARN_OBJC_IMPLICIT_RETAIN_SELF = YES;
				CLANG_WARN_OBJC_LITERAL_CONVERSION = YES;
				CLANG_WARN_OBJC_ROOT_CLASS = YES_ERROR;
				CLANG_WARN_QUOTED_INCLUDE_IN_FRAMEWORK_HEADER = YES;
				CLANG_WARN_RANGE_LOOP_ANALYSIS = YES;
				CLANG_WARN_STRICT_PROTOTYPES = YES;
				CLANG_WARN_SUSPICIOUS_MOVE = YES;
				CLANG_WARN_UNGUARDED_AVAILABILITY = YES_AGGRESSIVE;
				CLANG_WARN_UNREACHABLE_CODE = YES;
				CLANG_WARN__DUPLICATE_METHOD_MATCH = YES;
				COPY_PHASE_STRIP = NO;
				DEBUG_INFORMATION_FORMAT = "dwarf-with-dsym";
				ENABLE_NS_ASSERTIONS = NO;
				ENABLE_STRICT_OBJC_MSGSEND = YES;
				GCC_C_LANGUAGE_STANDARD = gnu11;
				GCC_NO_COMMON_BLOCKS = YES;
				GCC_WARN_64_TO_32_BIT_CONVERSION = YES;
				GCC_WARN_ABOUT_RETURN_TYPE = YES_ERROR;
				GCC_WARN_UNDECLARED_SELECTOR = YES;
				GCC_WARN_UNINITIALIZED_AUTOS = YES_AGGRESSIVE;
				GCC_WARN_UNUSED_FUNCTION = YES;
				GCC_WARN_UNUSED_VARIABLE = YES;
				IPHONEOS_DEPLOYMENT_TARGET = 15.5;
				MTL_ENABLE_DEBUG_INFO = NO;
				MTL_FAST_MATH = YES;
				SDKROOT = iphoneos;
				SWIFT_COMPILATION_MODE = wholemodule;
				SWIFT_OPTIMIZATION_LEVEL = "-O";
				VALIDATE_PRODUCT = YES;
			};
			name = Release;
		};
		88B35F82286CC8970062F9E0 /* Debug */ = {
			isa = XCBuildConfiguration;
			buildSettings = {
				ASSETCATALOG_COMPILER_APPICON_NAME = AppIcon;
				ASSETCATALOG_COMPILER_GLOBAL_ACCENT_COLOR_NAME = AccentColor;
				CODE_SIGN_STYLE = Automatic;
				CURRENT_PROJECT_VERSION = 1;
				DEVELOPMENT_TEAM = C89RJ7Z5HJ;
				GENERATE_INFOPLIST_FILE = YES;
				INFOPLIST_FILE = MusicOffer/Info.plist;
				INFOPLIST_KEY_UIApplicationSupportsIndirectInputEvents = YES;
				INFOPLIST_KEY_UILaunchStoryboardName = LaunchScreen;
				INFOPLIST_KEY_UISupportedInterfaceOrientations = "UIInterfaceOrientationLandscapeLeft UIInterfaceOrientationLandscapeRight";
				INFOPLIST_KEY_UISupportedInterfaceOrientations_iPad = "UIInterfaceOrientationPortrait UIInterfaceOrientationPortraitUpsideDown UIInterfaceOrientationLandscapeLeft UIInterfaceOrientationLandscapeRight";
				INFOPLIST_KEY_UISupportedInterfaceOrientations_iPhone = "UIInterfaceOrientationPortrait UIInterfaceOrientationLandscapeLeft UIInterfaceOrientationLandscapeRight";
				IPHONEOS_DEPLOYMENT_TARGET = 15.0;
				LD_RUNPATH_SEARCH_PATHS = (
					"$(inherited)",
					"@executable_path/Frameworks",
				);
				MARKETING_VERSION = 1.0;
				PRODUCT_BUNDLE_IDENTIFIER = com.iosnichek.MusicOffer;
				PRODUCT_NAME = "$(TARGET_NAME)";
				SWIFT_EMIT_LOC_STRINGS = YES;
				SWIFT_VERSION = 5.0;
				TARGETED_DEVICE_FAMILY = "1,2";
			};
			name = Debug;
		};
		88B35F83286CC8970062F9E0 /* Release */ = {
			isa = XCBuildConfiguration;
			buildSettings = {
				ASSETCATALOG_COMPILER_APPICON_NAME = AppIcon;
				ASSETCATALOG_COMPILER_GLOBAL_ACCENT_COLOR_NAME = AccentColor;
				CODE_SIGN_STYLE = Automatic;
				CURRENT_PROJECT_VERSION = 1;
				DEVELOPMENT_TEAM = C89RJ7Z5HJ;
				GENERATE_INFOPLIST_FILE = YES;
				INFOPLIST_FILE = MusicOffer/Info.plist;
				INFOPLIST_KEY_UIApplicationSupportsIndirectInputEvents = YES;
				INFOPLIST_KEY_UILaunchStoryboardName = LaunchScreen;
				INFOPLIST_KEY_UISupportedInterfaceOrientations = "UIInterfaceOrientationLandscapeLeft UIInterfaceOrientationLandscapeRight";
				INFOPLIST_KEY_UISupportedInterfaceOrientations_iPad = "UIInterfaceOrientationPortrait UIInterfaceOrientationPortraitUpsideDown UIInterfaceOrientationLandscapeLeft UIInterfaceOrientationLandscapeRight";
				INFOPLIST_KEY_UISupportedInterfaceOrientations_iPhone = "UIInterfaceOrientationPortrait UIInterfaceOrientationLandscapeLeft UIInterfaceOrientationLandscapeRight";
				IPHONEOS_DEPLOYMENT_TARGET = 15.0;
				LD_RUNPATH_SEARCH_PATHS = (
					"$(inherited)",
					"@executable_path/Frameworks",
				);
				MARKETING_VERSION = 1.0;
				PRODUCT_BUNDLE_IDENTIFIER = com.iosnichek.MusicOffer;
				PRODUCT_NAME = "$(TARGET_NAME)";
				SWIFT_EMIT_LOC_STRINGS = YES;
				SWIFT_VERSION = 5.0;
				TARGETED_DEVICE_FAMILY = "1,2";
			};
			name = Release;
		};
/* End XCBuildConfiguration section */

/* Begin XCConfigurationList section */
		88B35F68286CC8940062F9E0 /* Build configuration list for PBXProject "MusicOffer" */ = {
			isa = XCConfigurationList;
			buildConfigurations = (
				88B35F7F286CC8970062F9E0 /* Debug */,
				88B35F80286CC8970062F9E0 /* Release */,
			);
			defaultConfigurationIsVisible = 0;
			defaultConfigurationName = Release;
		};
		88B35F81286CC8970062F9E0 /* Build configuration list for PBXNativeTarget "MusicOffer" */ = {
			isa = XCConfigurationList;
			buildConfigurations = (
				88B35F82286CC8970062F9E0 /* Debug */,
				88B35F83286CC8970062F9E0 /* Release */,
			);
			defaultConfigurationIsVisible = 0;
			defaultConfigurationName = Release;
		};
/* End XCConfigurationList section */
	};
	rootObject = 88B35F65286CC8940062F9E0 /* Project object */;
}
